
Microsoft Visual Studio Solution File, Format Version 12.00
# Visual Studio Version 16
VisualStudioVersion = 16.0.30128.74
MinimumVisualStudioVersion = 10.0.40219.1
Project("{FAE04EC0-301F-11D3-BF4B-00C04F79EFBC}") = "00_VariablesAndValueTypes", "00_VariablesAndValueTypes\00_VariablesAndValueTypes.csproj", "{E9598D67-7206-4DC0-81C5-CE478C523B76}"
EndProject
Project("{FAE04EC0-301F-11D3-BF4B-00C04F79EFBC}") = "01_ReferenceTypes", "01_ReferenceTypes\01_ReferenceTypes.csproj", "{5F1331B6-E1CB-415F-B3D6-0B72C49F6DF9}"
EndProject
Project("{FAE04EC0-301F-11D3-BF4B-00C04F79EFBC}") = "02_Operators", "02_Operators\02_Operators.csproj", "{EA5E27D1-FCE3-4E4F-8AAE-08D58C97A214}"
EndProject
Project("{FAE04EC0-301F-11D3-BF4B-00C04F79EFBC}") = "03_IfStatements", "03_IfStatements\03_IfStatements.csproj", "{17C593DE-039F-4DC6-B668-B4871574B93D}"
EndProject
Project("{FAE04EC0-301F-11D3-BF4B-00C04F79EFBC}") = "03_SwitchCases", "03_SwitchCases\03_SwitchCases.csproj", "{3598CF12-8819-4EF0-9CE8-7D06D16AEC81}"
EndProject
Project("{FAE04EC0-301F-11D3-BF4B-00C04F79EFBC}") = "03_Ternaries", "03_Ternaries\03_Ternaries.csproj", "{8A59B3C8-3412-43A3-BFF5-004A900AEDC5}"
EndProject
Project("{FAE04EC0-301F-11D3-BF4B-00C04F79EFBC}") = "04_Loops", "04_Loops\04_Loops.csproj", "{37B18903-7D0A-4A52-826C-9AA4189DAFD2}"
EndProject
Project("{FAE04EC0-301F-11D3-BF4B-00C04F79EFBC}") = "05_Methods", "05_Methods\05_Methods.csproj", "{A399F4F6-0150-4E73-B110-A609F430ED04}"
EndProject
Project("{FAE04EC0-301F-11D3-BF4B-00C04F79EFBC}") = "PracticeQuestionsDay3", "PracticeQuestionsDay3\PracticeQuestionsDay3.csproj", "{89A96F23-200C-4FAF-A1D5-737D5CCA0A9A}"
EndProject
Project("{FAE04EC0-301F-11D3-BF4B-00C04F79EFBC}") = "06_Classes", "06_Classes\06_Classes.csproj", "{EC48D50C-824E-48C7-B6BF-B942EB869F0F}"
EndProject
Project("{FAE04EC0-301F-11D3-BF4B-00C04F79EFBC}") = "07_RepositoryPatterns_Tests", "07_RepositoryPatterns_Tests\07_RepositoryPatterns_Tests.csproj", "{598F7372-8C9C-4A63-92ED-291CFCEFA0EC}"
EndProject
Project("{FAE04EC0-301F-11D3-BF4B-00C04F79EFBC}") = "07_RepositoryPattern_Repository", "07_RepositoryPattern_Repository\07_RepositoryPattern_Repository.csproj", "{A70C05BC-C59B-4ECA-86DC-A2C7B58C3CD2}"
EndProject
Project("{FAE04EC0-301F-11D3-BF4B-00C04F79EFBC}") = "08_Inheritance_Classes", "08_Inheritance_Classes\08_Inheritance_Classes.csproj", "{4D2D907E-88B6-444F-A764-8AC072B40C05}"
EndProject
Project("{FAE04EC0-301F-11D3-BF4B-00C04F79EFBC}") = "08_Inheritance_Tests", "08_Inheritance_Tests\08_Inheritance_Tests.csproj", "{52927229-1AE0-4057-9CED-DE4CBDE93CE7}"
EndProject
Project("{FAE04EC0-301F-11D3-BF4B-00C04F79EFBC}") = "08_StreamingContent_Inheritance", "08_StreamingContent_Inheritance\08_StreamingContent_Inheritance.csproj", "{AE9BC38E-007D-4CF6-BEF3-20BABA93B906}"
EndProject
Project("{FAE04EC0-301F-11D3-BF4B-00C04F79EFBC}") = "09_StreamingContent_Console", "09_StreamingContent_Console\09_StreamingContent_Console.csproj", "{006AEA60-65A3-46D4-A94B-A0DB72E54DC3}"
EndProject
Global
	GlobalSection(SolutionConfigurationPlatforms) = preSolution
		Debug|Any CPU = Debug|Any CPU
		Release|Any CPU = Release|Any CPU
	EndGlobalSection
	GlobalSection(ProjectConfigurationPlatforms) = postSolution
		{E9598D67-7206-4DC0-81C5-CE478C523B76}.Debug|Any CPU.ActiveCfg = Debug|Any CPU
		{E9598D67-7206-4DC0-81C5-CE478C523B76}.Debug|Any CPU.Build.0 = Debug|Any CPU
		{E9598D67-7206-4DC0-81C5-CE478C523B76}.Release|Any CPU.ActiveCfg = Release|Any CPU
		{E9598D67-7206-4DC0-81C5-CE478C523B76}.Release|Any CPU.Build.0 = Release|Any CPU
		{5F1331B6-E1CB-415F-B3D6-0B72C49F6DF9}.Debug|Any CPU.ActiveCfg = Debug|Any CPU
		{5F1331B6-E1CB-415F-B3D6-0B72C49F6DF9}.Debug|Any CPU.Build.0 = Debug|Any CPU
		{5F1331B6-E1CB-415F-B3D6-0B72C49F6DF9}.Release|Any CPU.ActiveCfg = Release|Any CPU
		{5F1331B6-E1CB-415F-B3D6-0B72C49F6DF9}.Release|Any CPU.Build.0 = Release|Any CPU
		{EA5E27D1-FCE3-4E4F-8AAE-08D58C97A214}.Debug|Any CPU.ActiveCfg = Debug|Any CPU
		{EA5E27D1-FCE3-4E4F-8AAE-08D58C97A214}.Debug|Any CPU.Build.0 = Debug|Any CPU
		{EA5E27D1-FCE3-4E4F-8AAE-08D58C97A214}.Release|Any CPU.ActiveCfg = Release|Any CPU
		{EA5E27D1-FCE3-4E4F-8AAE-08D58C97A214}.Release|Any CPU.Build.0 = Release|Any CPU
		{17C593DE-039F-4DC6-B668-B4871574B93D}.Debug|Any CPU.ActiveCfg = Debug|Any CPU
		{17C593DE-039F-4DC6-B668-B4871574B93D}.Debug|Any CPU.Build.0 = Debug|Any CPU
		{17C593DE-039F-4DC6-B668-B4871574B93D}.Release|Any CPU.ActiveCfg = Release|Any CPU
		{17C593DE-039F-4DC6-B668-B4871574B93D}.Release|Any CPU.Build.0 = Release|Any CPU
		{3598CF12-8819-4EF0-9CE8-7D06D16AEC81}.Debug|Any CPU.ActiveCfg = Debug|Any CPU
		{3598CF12-8819-4EF0-9CE8-7D06D16AEC81}.Debug|Any CPU.Build.0 = Debug|Any CPU
		{3598CF12-8819-4EF0-9CE8-7D06D16AEC81}.Release|Any CPU.ActiveCfg = Release|Any CPU
		{3598CF12-8819-4EF0-9CE8-7D06D16AEC81}.Release|Any CPU.Build.0 = Release|Any CPU
		{8A59B3C8-3412-43A3-BFF5-004A900AEDC5}.Debug|Any CPU.ActiveCfg = Debug|Any CPU
		{8A59B3C8-3412-43A3-BFF5-004A900AEDC5}.Debug|Any CPU.Build.0 = Debug|Any CPU
		{8A59B3C8-3412-43A3-BFF5-004A900AEDC5}.Release|Any CPU.ActiveCfg = Release|Any CPU
		{8A59B3C8-3412-43A3-BFF5-004A900AEDC5}.Release|Any CPU.Build.0 = Release|Any CPU
		{37B18903-7D0A-4A52-826C-9AA4189DAFD2}.Debug|Any CPU.ActiveCfg = Debug|Any CPU
		{37B18903-7D0A-4A52-826C-9AA4189DAFD2}.Debug|Any CPU.Build.0 = Debug|Any CPU
		{37B18903-7D0A-4A52-826C-9AA4189DAFD2}.Release|Any CPU.ActiveCfg = Release|Any CPU
		{37B18903-7D0A-4A52-826C-9AA4189DAFD2}.Release|Any CPU.Build.0 = Release|Any CPU
		{A399F4F6-0150-4E73-B110-A609F430ED04}.Debug|Any CPU.ActiveCfg = Debug|Any CPU
		{A399F4F6-0150-4E73-B110-A609F430ED04}.Debug|Any CPU.Build.0 = Debug|Any CPU
		{A399F4F6-0150-4E73-B110-A609F430ED04}.Release|Any CPU.ActiveCfg = Release|Any CPU
		{A399F4F6-0150-4E73-B110-A609F430ED04}.Release|Any CPU.Build.0 = Release|Any CPU
		{89A96F23-200C-4FAF-A1D5-737D5CCA0A9A}.Debug|Any CPU.ActiveCfg = Debug|Any CPU
		{89A96F23-200C-4FAF-A1D5-737D5CCA0A9A}.Debug|Any CPU.Build.0 = Debug|Any CPU
		{89A96F23-200C-4FAF-A1D5-737D5CCA0A9A}.Release|Any CPU.ActiveCfg = Release|Any CPU
		{89A96F23-200C-4FAF-A1D5-737D5CCA0A9A}.Release|Any CPU.Build.0 = Release|Any CPU
		{EC48D50C-824E-48C7-B6BF-B942EB869F0F}.Debug|Any CPU.ActiveCfg = Debug|Any CPU
		{EC48D50C-824E-48C7-B6BF-B942EB869F0F}.Debug|Any CPU.Build.0 = Debug|Any CPU
		{EC48D50C-824E-48C7-B6BF-B942EB869F0F}.Release|Any CPU.ActiveCfg = Release|Any CPU
		{EC48D50C-824E-48C7-B6BF-B942EB869F0F}.Release|Any CPU.Build.0 = Release|Any CPU
		{598F7372-8C9C-4A63-92ED-291CFCEFA0EC}.Debug|Any CPU.ActiveCfg = Debug|Any CPU
		{598F7372-8C9C-4A63-92ED-291CFCEFA0EC}.Debug|Any CPU.Build.0 = Debug|Any CPU
		{598F7372-8C9C-4A63-92ED-291CFCEFA0EC}.Release|Any CPU.ActiveCfg = Release|Any CPU
		{598F7372-8C9C-4A63-92ED-291CFCEFA0EC}.Release|Any CPU.Build.0 = Release|Any CPU
		{A70C05BC-C59B-4ECA-86DC-A2C7B58C3CD2}.Debug|Any CPU.ActiveCfg = Debug|Any CPU
		{A70C05BC-C59B-4ECA-86DC-A2C7B58C3CD2}.Debug|Any CPU.Build.0 = Debug|Any CPU
		{A70C05BC-C59B-4ECA-86DC-A2C7B58C3CD2}.Release|Any CPU.ActiveCfg = Release|Any CPU
		{A70C05BC-C59B-4ECA-86DC-A2C7B58C3CD2}.Release|Any CPU.Build.0 = Release|Any CPU
		{4D2D907E-88B6-444F-A764-8AC072B40C05}.Debug|Any CPU.ActiveCfg = Debug|Any CPU
		{4D2D907E-88B6-444F-A764-8AC072B40C05}.Debug|Any CPU.Build.0 = Debug|Any CPU
		{4D2D907E-88B6-444F-A764-8AC072B40C05}.Release|Any CPU.ActiveCfg = Release|Any CPU
		{4D2D907E-88B6-444F-A764-8AC072B40C05}.Release|Any CPU.Build.0 = Release|Any CPU
		{52927229-1AE0-4057-9CED-DE4CBDE93CE7}.Debug|Any CPU.ActiveCfg = Debug|Any CPU
		{52927229-1AE0-4057-9CED-DE4CBDE93CE7}.Debug|Any CPU.Build.0 = Debug|Any CPU
		{52927229-1AE0-4057-9CED-DE4CBDE93CE7}.Release|Any CPU.ActiveCfg = Release|Any CPU
		{52927229-1AE0-4057-9CED-DE4CBDE93CE7}.Release|Any CPU.Build.0 = Release|Any CPU
		{AE9BC38E-007D-4CF6-BEF3-20BABA93B906}.Debug|Any CPU.ActiveCfg = Debug|Any CPU
		{AE9BC38E-007D-4CF6-BEF3-20BABA93B906}.Debug|Any CPU.Build.0 = Debug|Any CPU
		{AE9BC38E-007D-4CF6-BEF3-20BABA93B906}.Release|Any CPU.ActiveCfg = Release|Any CPU
		{AE9BC38E-007D-4CF6-BEF3-20BABA93B906}.Release|Any CPU.Build.0 = Release|Any CPU
		{006AEA60-65A3-46D4-A94B-A0DB72E54DC3}.Debug|Any CPU.ActiveCfg = Debug|Any CPU
		{006AEA60-65A3-46D4-A94B-A0DB72E54DC3}.Debug|Any CPU.Build.0 = Debug|Any CPU
		{006AEA60-65A3-46D4-A94B-A0DB72E54DC3}.Release|Any CPU.ActiveCfg = Release|Any CPU
		{006AEA60-65A3-46D4-A94B-A0DB72E54DC3}.Release|Any CPU.Build.0 = Release|Any CPU
	EndGlobalSection
	GlobalSection(SolutionProperties) = preSolution
		HideSolutionNode = FALSE
	EndGlobalSection
	GlobalSection(ExtensibilityGlobals) = postSolution
		SolutionGuid = {EF6D5D8F-5A07-4349-9810-EBAD72C1AD1A}
	EndGlobalSection
EndGlobal
